
Microsoft Visual Studio Solution File, Format Version 12.00
# Visual Studio 15
VisualStudioVersion = 15.0.28307.329
MinimumVisualStudioVersion = 10.0.40219.1
Project("{FAE04EC0-301F-11D3-BF4B-00C04F79EFBC}") = "HelloWorldMarckMaxime", "HelloWorldMarckMaxime\HelloWorldMarckMaxime.csproj", "{02D6ECFB-D641-435A-B2F2-389AB40463D2}"
EndProject
Global
	GlobalSection(SolutionConfigurationPlatforms) = preSolution
		Debug|Any CPU = Debug|Any CPU
		Release|Any CPU = Release|Any CPU
	EndGlobalSection
	GlobalSection(ProjectConfigurationPlatforms) = postSolution
		{02D6ECFB-D641-435A-B2F2-389AB40463D2}.Debug|Any CPU.ActiveCfg = Debug|Any CPU
		{02D6ECFB-D641-435A-B2F2-389AB40463D2}.Debug|Any CPU.Build.0 = Debug|Any CPU
		{02D6ECFB-D641-435A-B2F2-389AB40463D2}.Release|Any CPU.ActiveCfg = Release|Any CPU
		{02D6ECFB-D641-435A-B2F2-389AB40463D2}.Release|Any CPU.Build.0 = Release|Any CPU
	EndGlobalSection
	GlobalSection(SolutionProperties) = preSolution
		HideSolutionNode = FALSE
	EndGlobalSection
	GlobalSection(ExtensibilityGlobals) = postSolution
		SolutionGuid = {AFCF73F3-DC8E-41D8-9879-405D3F76A66C}
	EndGlobalSection
EndGlobal
