
Microsoft Visual Studio Solution File, Format Version 12.00
# Visual Studio 15
VisualStudioVersion = 15.0.28307.329
MinimumVisualStudioVersion = 10.0.40219.1
Project("{FAE04EC0-301F-11D3-BF4B-00C04F79EFBC}") = "HelloWorldMarckMaxime", "HelloWorldMarckMaxime\HelloWorldMarckMaxime.csproj", "{FD1CBA3B-E609-44E5-A542-D85A143072E1}"
EndProject
Global
	GlobalSection(SolutionConfigurationPlatforms) = preSolution
		Debug|Any CPU = Debug|Any CPU
		Release|Any CPU = Release|Any CPU
	EndGlobalSection
	GlobalSection(ProjectConfigurationPlatforms) = postSolution
		{FD1CBA3B-E609-44E5-A542-D85A143072E1}.Debug|Any CPU.ActiveCfg = Debug|Any CPU
		{FD1CBA3B-E609-44E5-A542-D85A143072E1}.Debug|Any CPU.Build.0 = Debug|Any CPU
		{FD1CBA3B-E609-44E5-A542-D85A143072E1}.Release|Any CPU.ActiveCfg = Release|Any CPU
		{FD1CBA3B-E609-44E5-A542-D85A143072E1}.Release|Any CPU.Build.0 = Release|Any CPU
	EndGlobalSection
	GlobalSection(SolutionProperties) = preSolution
		HideSolutionNode = FALSE
	EndGlobalSection
	GlobalSection(ExtensibilityGlobals) = postSolution
		SolutionGuid = {A2D47140-F366-498E-A305-27CA95F36829}
	EndGlobalSection
EndGlobal
